// !$*UTF8*$!
{
	archiveVersion = 1;
	classes = {
	};
	objectVersion = 50;
	objects = {

/* Begin PBXBuildFile section */
		D81E795124B502640054470B /* AppDelegate.swift in Sources */ = {isa = PBXBuildFile; fileRef = D81E795024B502640054470B /* AppDelegate.swift */; };
		D81E795324B502640054470B /* SceneDelegate.swift in Sources */ = {isa = PBXBuildFile; fileRef = D81E795224B502640054470B /* SceneDelegate.swift */; };
		D81E795524B502640054470B /* EmojiMemoryGameView.swift in Sources */ = {isa = PBXBuildFile; fileRef = D81E795424B502640054470B /* EmojiMemoryGameView.swift */; };
		D81E795724B502650054470B /* Assets.xcassets in Resources */ = {isa = PBXBuildFile; fileRef = D81E795624B502650054470B /* Assets.xcassets */; };
		D81E795A24B502650054470B /* Preview Assets.xcassets in Resources */ = {isa = PBXBuildFile; fileRef = D81E795924B502650054470B /* Preview Assets.xcassets */; };
		D81E795D24B502650054470B /* LaunchScreen.storyboard in Resources */ = {isa = PBXBuildFile; fileRef = D81E795B24B502650054470B /* LaunchScreen.storyboard */; };
		D81E796524B509AD0054470B /* MemoryGame.swift in Sources */ = {isa = PBXBuildFile; fileRef = D81E796424B509AD0054470B /* MemoryGame.swift */; };
		D81E796724B50C340054470B /* EmojiMemoryGame.swift in Sources */ = {isa = PBXBuildFile; fileRef = D81E796624B50C340054470B /* EmojiMemoryGame.swift */; };
		D893E53524B6789B00636748 /* Grid.swift in Sources */ = {isa = PBXBuildFile; fileRef = D893E53424B6789B00636748 /* Grid.swift */; };
		D893E53724B67CAA00636748 /* GridLayout.swift in Sources */ = {isa = PBXBuildFile; fileRef = D893E53624B67CAA00636748 /* GridLayout.swift */; };
		D893E53924B67FA400636748 /* Array+Identifiable.swift in Sources */ = {isa = PBXBuildFile; fileRef = D893E53824B67FA400636748 /* Array+Identifiable.swift */; };
		D893E53B24B68B3A00636748 /* Array+Only.swift in Sources */ = {isa = PBXBuildFile; fileRef = D893E53A24B68B3A00636748 /* Array+Only.swift */; };
		D8F0D42324BCFE7300BBD679 /* Theme.swift in Sources */ = {isa = PBXBuildFile; fileRef = D8F0D42224BCFE7300BBD679 /* Theme.swift */; };
/* End PBXBuildFile section */

/* Begin PBXFileReference section */
		D81E794D24B502640054470B /* Memorize.app */ = {isa = PBXFileReference; explicitFileType = wrapper.application; includeInIndex = 0; path = Memorize.app; sourceTree = BUILT_PRODUCTS_DIR; };
		D81E795024B502640054470B /* AppDelegate.swift */ = {isa = PBXFileReference; lastKnownFileType = sourcecode.swift; path = AppDelegate.swift; sourceTree = "<group>"; };
		D81E795224B502640054470B /* SceneDelegate.swift */ = {isa = PBXFileReference; lastKnownFileType = sourcecode.swift; path = SceneDelegate.swift; sourceTree = "<group>"; };
		D81E795424B502640054470B /* EmojiMemoryGameView.swift */ = {isa = PBXFileReference; lastKnownFileType = sourcecode.swift; path = EmojiMemoryGameView.swift; sourceTree = "<group>"; };
		D81E795624B502650054470B /* Assets.xcassets */ = {isa = PBXFileReference; lastKnownFileType = folder.assetcatalog; path = Assets.xcassets; sourceTree = "<group>"; };
		D81E795924B502650054470B /* Preview Assets.xcassets */ = {isa = PBXFileReference; lastKnownFileType = folder.assetcatalog; path = "Preview Assets.xcassets"; sourceTree = "<group>"; };
		D81E795C24B502650054470B /* Base */ = {isa = PBXFileReference; lastKnownFileType = file.storyboard; name = Base; path = Base.lproj/LaunchScreen.storyboard; sourceTree = "<group>"; };
		D81E795E24B502650054470B /* Info.plist */ = {isa = PBXFileReference; lastKnownFileType = text.plist.xml; path = Info.plist; sourceTree = "<group>"; };
		D81E796424B509AD0054470B /* MemoryGame.swift */ = {isa = PBXFileReference; lastKnownFileType = sourcecode.swift; path = MemoryGame.swift; sourceTree = "<group>"; };
		D81E796624B50C340054470B /* EmojiMemoryGame.swift */ = {isa = PBXFileReference; lastKnownFileType = sourcecode.swift; path = EmojiMemoryGame.swift; sourceTree = "<group>"; };
		D893E53424B6789B00636748 /* Grid.swift */ = {isa = PBXFileReference; lastKnownFileType = sourcecode.swift; path = Grid.swift; sourceTree = "<group>"; };
		D893E53624B67CAA00636748 /* GridLayout.swift */ = {isa = PBXFileReference; fileEncoding = 4; lastKnownFileType = sourcecode.swift; path = GridLayout.swift; sourceTree = "<group>"; };
		D893E53824B67FA400636748 /* Array+Identifiable.swift */ = {isa = PBXFileReference; lastKnownFileType = sourcecode.swift; path = "Array+Identifiable.swift"; sourceTree = "<group>"; };
		D893E53A24B68B3A00636748 /* Array+Only.swift */ = {isa = PBXFileReference; lastKnownFileType = sourcecode.swift; path = "Array+Only.swift"; sourceTree = "<group>"; };
		D8F0D42224BCFE7300BBD679 /* Theme.swift */ = {isa = PBXFileReference; lastKnownFileType = sourcecode.swift; path = Theme.swift; sourceTree = "<group>"; };
/* End PBXFileReference section */

/* Begin PBXFrameworksBuildPhase section */
		D81E794A24B502640054470B /* Frameworks */ = {
			isa = PBXFrameworksBuildPhase;
			buildActionMask = 2147483647;
			files = (
			);
			runOnlyForDeploymentPostprocessing = 0;
		};
/* End PBXFrameworksBuildPhase section */

/* Begin PBXGroup section */
		D81E794424B502640054470B = {
			isa = PBXGroup;
			children = (
				D81E794F24B502640054470B /* Memorize */,
				D81E794E24B502640054470B /* Products */,
			);
			sourceTree = "<group>";
		};
		D81E794E24B502640054470B /* Products */ = {
			isa = PBXGroup;
			children = (
				D81E794D24B502640054470B /* Memorize.app */,
			);
			name = Products;
			sourceTree = "<group>";
		};
		D81E794F24B502640054470B /* Memorize */ = {
			isa = PBXGroup;
			children = (
				D81E795024B502640054470B /* AppDelegate.swift */,
				D81E795224B502640054470B /* SceneDelegate.swift */,
				D81E795424B502640054470B /* EmojiMemoryGameView.swift */,
				D81E796624B50C340054470B /* EmojiMemoryGame.swift */,
				D81E796424B509AD0054470B /* MemoryGame.swift */,
				D8F0D42224BCFE7300BBD679 /* Theme.swift */,
				D893E53424B6789B00636748 /* Grid.swift */,
				D893E53624B67CAA00636748 /* GridLayout.swift */,
				D893E53824B67FA400636748 /* Array+Identifiable.swift */,
				D893E53A24B68B3A00636748 /* Array+Only.swift */,
				D81E795624B502650054470B /* Assets.xcassets */,
				D81E795B24B502650054470B /* LaunchScreen.storyboard */,
				D81E795E24B502650054470B /* Info.plist */,
				D81E795824B502650054470B /* Preview Content */,
			);
			path = Memorize;
			sourceTree = "<group>";
		};
		D81E795824B502650054470B /* Preview Content */ = {
			isa = PBXGroup;
			children = (
				D81E795924B502650054470B /* Preview Assets.xcassets */,
			);
			path = "Preview Content";
			sourceTree = "<group>";
		};
/* End PBXGroup section */

/* Begin PBXNativeTarget section */
		D81E794C24B502640054470B /* Memorize */ = {
			isa = PBXNativeTarget;
			buildConfigurationList = D81E796124B502650054470B /* Build configuration list for PBXNativeTarget "Memorize" */;
			buildPhases = (
				D81E794924B502640054470B /* Sources */,
				D81E794A24B502640054470B /* Frameworks */,
				D81E794B24B502640054470B /* Resources */,
			);
			buildRules = (
			);
			dependencies = (
			);
			name = Memorize;
			productName = Memorize;
			productReference = D81E794D24B502640054470B /* Memorize.app */;
			productType = "com.apple.product-type.application";
		};
/* End PBXNativeTarget section */

/* Begin PBXProject section */
		D81E794524B502640054470B /* Project object */ = {
			isa = PBXProject;
			attributes = {
				LastSwiftUpdateCheck = 1150;
				LastUpgradeCheck = 1150;
				ORGANIZATIONNAME = Nathan;
				TargetAttributes = {
					D81E794C24B502640054470B = {
						CreatedOnToolsVersion = 11.5;
					};
				};
			};
			buildConfigurationList = D81E794824B502640054470B /* Build configuration list for PBXProject "Memorize" */;
			compatibilityVersion = "Xcode 9.3";
			developmentRegion = en;
			hasScannedForEncodings = 0;
			knownRegions = (
				en,
				Base,
			);
			mainGroup = D81E794424B502640054470B;
			productRefGroup = D81E794E24B502640054470B /* Products */;
			projectDirPath = "";
			projectRoot = "";
			targets = (
				D81E794C24B502640054470B /* Memorize */,
			);
		};
/* End PBXProject section */

/* Begin PBXResourcesBuildPhase section */
		D81E794B24B502640054470B /* Resources */ = {
			isa = PBXResourcesBuildPhase;
			buildActionMask = 2147483647;
			files = (
				D81E795D24B502650054470B /* LaunchScreen.storyboard in Resources */,
				D81E795A24B502650054470B /* Preview Assets.xcassets in Resources */,
				D81E795724B502650054470B /* Assets.xcassets in Resources */,
			);
			runOnlyForDeploymentPostprocessing = 0;
		};
/* End PBXResourcesBuildPhase section */

/* Begin PBXSourcesBuildPhase section */
		D81E794924B502640054470B /* Sources */ = {
			isa = PBXSourcesBuildPhase;
			buildActionMask = 2147483647;
			files = (
				D81E795124B502640054470B /* AppDelegate.swift in Sources */,
				D81E795324B502640054470B /* SceneDelegate.swift in Sources */,
				D81E796524B509AD0054470B /* MemoryGame.swift in Sources */,
				D8F0D42324BCFE7300BBD679 /* Theme.swift in Sources */,
				D893E53B24B68B3A00636748 /* Array+Only.swift in Sources */,
				D81E795524B502640054470B /* EmojiMemoryGameView.swift in Sources */,
				D81E796724B50C340054470B /* EmojiMemoryGame.swift in Sources */,
				D893E53924B67FA400636748 /* Array+Identifiable.swift in Sources */,
				D893E53724B67CAA00636748 /* GridLayout.swift in Sources */,
				D893E53524B6789B00636748 /* Grid.swift in Sources */,
			);
			runOnlyForDeploymentPostprocessing = 0;
		};
/* End PBXSourcesBuildPhase section */

/* Begin PBXVariantGroup section */
		D81E795B24B502650054470B /* LaunchScreen.storyboard */ = {
			isa = PBXVariantGroup;
			children = (
				D81E795C24B502650054470B /* Base */,
			);
			name = LaunchScreen.storyboard;
			sourceTree = "<group>";
		};
/* End PBXVariantGroup section */

/* Begin XCBuildConfiguration section */
		D81E795F24B502650054470B /* Debug */ = {
			isa = XCBuildConfiguration;
			buildSettings = {
				ALWAYS_SEARCH_USER_PATHS = NO;
				CLANG_ANALYZER_NONNULL = YES;
				CLANG_ANALYZER_NUMBER_OBJECT_CONVERSION = YES_AGGRESSIVE;
				CLANG_CXX_LANGUAGE_STANDARD = "gnu++14";
				CLANG_CXX_LIBRARY = "libc++";
				CLANG_ENABLE_MODULES = YES;
				CLANG_ENABLE_OBJC_ARC = YES;
				CLANG_ENABLE_OBJC_WEAK = YES;
				CLANG_WARN_BLOCK_CAPTURE_AUTORELEASING = YES;
				CLANG_WARN_BOOL_CONVERSION = YES;
				CLANG_WARN_COMMA = YES;
				CLANG_WARN_CONSTANT_CONVERSION = YES;
				CLANG_WARN_DEPRECATED_OBJC_IMPLEMENTATIONS = YES;
				CLANG_WARN_DIRECT_OBJC_ISA_USAGE = YES_ERROR;
				CLANG_WARN_DOCUMENTATION_COMMENTS = YES;
				CLANG_WARN_EMPTY_BODY = YES;
				CLANG_WARN_ENUM_CONVERSION = YES;
				CLANG_WARN_INFINITE_RECURSION = YES;
				CLANG_WARN_INT_CONVERSION = YES;
				CLANG_WARN_NON_LITERAL_NULL_CONVERSION = YES;
				CLANG_WARN_OBJC_IMPLICIT_RETAIN_SELF = YES;
				CLANG_WARN_OBJC_LITERAL_CONVERSION = YES;
				CLANG_WARN_OBJC_ROOT_CLASS = YES_ERROR;
				CLANG_WARN_RANGE_LOOP_ANALYSIS = YES;
				CLANG_WARN_STRICT_PROTOTYPES = YES;
				CLANG_WARN_SUSPICIOUS_MOVE = YES;
				CLANG_WARN_UNGUARDED_AVAILABILITY = YES_AGGRESSIVE;
				CLANG_WARN_UNREACHABLE_CODE = YES;
				CLANG_WARN__DUPLICATE_METHOD_MATCH = YES;
				COPY_PHASE_STRIP = NO;
				DEBUG_INFORMATION_FORMAT = dwarf;
				ENABLE_STRICT_OBJC_MSGSEND = YES;
				ENABLE_TESTABILITY = YES;
				GCC_C_LANGUAGE_STANDARD = gnu11;
				GCC_DYNAMIC_NO_PIC = NO;
				GCC_NO_COMMON_BLOCKS = YES;
				GCC_OPTIMIZATION_LEVEL = 0;
				GCC_PREPROCESSOR_DEFINITIONS = (
					"DEBUG=1",
					"$(inherited)",
				);
				GCC_WARN_64_TO_32_BIT_CONVERSION = YES;
				GCC_WARN_ABOUT_RETURN_TYPE = YES_ERROR;
				GCC_WARN_UNDECLARED_SELECTOR = YES;
				GCC_WARN_UNINITIALIZED_AUTOS = YES_AGGRESSIVE;
				GCC_WARN_UNUSED_FUNCTION = YES;
				GCC_WARN_UNUSED_VARIABLE = YES;
				IPHONEOS_DEPLOYMENT_TARGET = 13.5;
				MTL_ENABLE_DEBUG_INFO = INCLUDE_SOURCE;
				MTL_FAST_MATH = YES;
				ONLY_ACTIVE_ARCH = YES;
				SDKROOT = iphoneos;
				SWIFT_ACTIVE_COMPILATION_CONDITIONS = DEBUG;
				SWIFT_OPTIMIZATION_LEVEL = "-Onone";
			};
			name = Debug;
		};
		D81E796024B502650054470B /* Release */ = {
			isa = XCBuildConfiguration;
			buildSettings = {
				ALWAYS_SEARCH_USER_PATHS = NO;
				CLANG_ANALYZER_NONNULL = YES;
				CLANG_ANALYZER_NUMBER_OBJECT_CONVERSION = YES_AGGRESSIVE;
				CLANG_CXX_LANGUAGE_STANDARD = "gnu++14";
				CLANG_CXX_LIBRARY = "libc++";
				CLANG_ENABLE_MODULES = YES;
				CLANG_ENABLE_OBJC_ARC = YES;
				CLANG_ENABLE_OBJC_WEAK = YES;
				CLANG_WARN_BLOCK_CAPTURE_AUTORELEASING = YES;
				CLANG_WARN_BOOL_CONVERSION = YES;
				CLANG_WARN_COMMA = YES;
				CLANG_WARN_CONSTANT_CONVERSION = YES;
				CLANG_WARN_DEPRECATED_OBJC_IMPLEMENTATIONS = YES;
				CLANG_WARN_DIRECT_OBJC_ISA_USAGE = YES_ERROR;
				CLANG_WARN_DOCUMENTATION_COMMENTS = YES;
				CLANG_WARN_EMPTY_BODY = YES;
				CLANG_WARN_ENUM_CONVERSION = YES;
				CLANG_WARN_INFINITE_RECURSION = YES;
				CLANG_WARN_INT_CONVERSION = YES;
				CLANG_WARN_NON_LITERAL_NULL_CONVERSION = YES;
				CLANG_WARN_OBJC_IMPLICIT_RETAIN_SELF = YES;
				CLANG_WARN_OBJC_LITERAL_CONVERSION = YES;
				CLANG_WARN_OBJC_ROOT_CLASS = YES_ERROR;
				CLANG_WARN_RANGE_LOOP_ANALYSIS = YES;
				CLANG_WARN_STRICT_PROTOTYPES = YES;
				CLANG_WARN_SUSPICIOUS_MOVE = YES;
				CLANG_WARN_UNGUARDED_AVAILABILITY = YES_AGGRESSIVE;
				CLANG_WARN_UNREACHABLE_CODE = YES;
				CLANG_WARN__DUPLICATE_METHOD_MATCH = YES;
				COPY_PHASE_STRIP = NO;
				DEBUG_INFORMATION_FORMAT = "dwarf-with-dsym";
				ENABLE_NS_ASSERTIONS = NO;
				ENABLE_STRICT_OBJC_MSGSEND = YES;
				GCC_C_LANGUAGE_STANDARD = gnu11;
				GCC_NO_COMMON_BLOCKS = YES;
				GCC_WARN_64_TO_32_BIT_CONVERSION = YES;
				GCC_WARN_ABOUT_RETURN_TYPE = YES_ERROR;
				GCC_WARN_UNDECLARED_SELECTOR = YES;
				GCC_WARN_UNINITIALIZED_AUTOS = YES_AGGRESSIVE;
				GCC_WARN_UNUSED_FUNCTION = YES;
				GCC_WARN_UNUSED_VARIABLE = YES;
				IPHONEOS_DEPLOYMENT_TARGET = 13.5;
				MTL_ENABLE_DEBUG_INFO = NO;
				MTL_FAST_MATH = YES;
				SDKROOT = iphoneos;
				SWIFT_COMPILATION_MODE = wholemodule;
				SWIFT_OPTIMIZATION_LEVEL = "-O";
				VALIDATE_PRODUCT = YES;
			};
			name = Release;
		};
		D81E796224B502650054470B /* Debug */ = {
			isa = XCBuildConfiguration;
			buildSettings = {
				ASSETCATALOG_COMPILER_APPICON_NAME = AppIcon;
				CODE_SIGN_STYLE = Automatic;
				DEVELOPMENT_ASSET_PATHS = "\"Memorize/Preview Content\"";
				DEVELOPMENT_TEAM = 4YF3X5R4SE;
				ENABLE_PREVIEWS = YES;
				INFOPLIST_FILE = Memorize/Info.plist;
				LD_RUNPATH_SEARCH_PATHS = (
					"$(inherited)",
					"@executable_path/Frameworks",
				);
				PRODUCT_BUNDLE_IDENTIFIER = com.nathanstandage.Memorize;
				PRODUCT_NAME = "$(TARGET_NAME)";
				SWIFT_VERSION = 5.0;
				TARGETED_DEVICE_FAMILY = "1,2";
			};
			name = Debug;
		};
		D81E796324B502650054470B /* Release */ = {
			isa = XCBuildConfiguration;
			buildSettings = {
				ASSETCATALOG_COMPILER_APPICON_NAME = AppIcon;
				CODE_SIGN_STYLE = Automatic;
				DEVELOPMENT_ASSET_PATHS = "\"Memorize/Preview Content\"";
				DEVELOPMENT_TEAM = 4YF3X5R4SE;
				ENABLE_PREVIEWS = YES;
				INFOPLIST_FILE = Memorize/Info.plist;
				LD_RUNPATH_SEARCH_PATHS = (
					"$(inherited)",
					"@executable_path/Frameworks",
				);
				PRODUCT_BUNDLE_IDENTIFIER = com.nathanstandage.Memorize;
				PRODUCT_NAME = "$(TARGET_NAME)";
				SWIFT_VERSION = 5.0;
				TARGETED_DEVICE_FAMILY = "1,2";
			};
			name = Release;
		};
/* End XCBuildConfiguration section */

/* Begin XCConfigurationList section */
		D81E794824B502640054470B /* Build configuration list for PBXProject "Memorize" */ = {
			isa = XCConfigurationList;
			buildConfigurations = (
				D81E795F24B502650054470B /* Debug */,
				D81E796024B502650054470B /* Release */,
			);
			defaultConfigurationIsVisible = 0;
			defaultConfigurationName = Release;
		};
		D81E796124B502650054470B /* Build configuration list for PBXNativeTarget "Memorize" */ = {
			isa = XCConfigurationList;
			buildConfigurations = (
				D81E796224B502650054470B /* Debug */,
				D81E796324B502650054470B /* Release */,
			);
			defaultConfigurationIsVisible = 0;
			defaultConfigurationName = Release;
		};
/* End XCConfigurationList section */
	};
	rootObject = D81E794524B502640054470B /* Project object */;
}
